<?xml version="1.0" encoding="utf-8"?>
<Project ToolsVersion="4.0" xmlns="http://schemas.microsoft.com/developer/msbuild/2003">
  <ItemGroup>
    <Filter Include="src">
      <UniqueIdentifier>{ec01ff78-c9f0-41bd-8595-85e1f5d96be6}</UniqueIdentifier>
    </Filter>
    <Filter Include="assets">
      <UniqueIdentifier>{85fad0ce-ae84-4d00-98cf-d70cdccfdc3c}</UniqueIdentifier>
    </Filter>
    <Filter Include="src\GUI">
      <UniqueIdentifier>{e8b9b7fe-43f1-4ed2-bd7d-356cc710726e}</UniqueIdentifier>
    </Filter>
  </ItemGroup>
  <ItemGroup>
    <ClCompile Include="Grid.cpp">
      <Filter>src</Filter>
    </ClCompile>
    <ClCompile Include="main.cpp">
      <Filter>src</Filter>
    </ClCompile>
    <ClCompile Include="MouseTile.cpp">
      <Filter>src</Filter>
    </ClCompile>
    <ClCompile Include="Map.cpp">
      <Filter>src</Filter>
    </ClCompile>
    <ClCompile Include="Button.cpp">
      <Filter>src\GUI</Filter>
    </ClCompile>
  </ItemGroup>
  <ItemGroup>
    <ClInclude Include="Grid.h">
      <Filter>src</Filter>
    </ClInclude>
    <ClInclude Include="MouseTile.h">
      <Filter>src</Filter>
    </ClInclude>
    <ClInclude Include="Map.h">
      <Filter>src</Filter>
    </ClInclude>
    <ClInclude Include="Tile.h">
      <Filter>src</Filter>
    </ClInclude>
    <ClInclude Include="Button.h">
      <Filter>src\GUI</Filter>
    </ClInclude>
  </ItemGroup>
</Project>